
Microsoft Visual Studio Solution File, Format Version 12.00
# Visual Studio 15
VisualStudioVersion = 15.0.27703.2026
MinimumVisualStudioVersion = 10.0.40219.1
Project("{FAE04EC0-301F-11D3-BF4B-00C04F79EFBC}") = "HHMarketWebApp", "HHMarketWebApp\HHMarketWebApp.csproj", "{0A1F73FD-EA56-478D-9D3E-6DE1CD94C009}"
EndProject
Project("{FAE04EC0-301F-11D3-BF4B-00C04F79EFBC}") = "FormsAuth", "FormsAuth\FormsAuth.csproj", "{50BCE987-457E-4FDA-AFDD-2ED0B2FA09C1}"
EndProject
Global
	GlobalSection(SolutionConfigurationPlatforms) = preSolution
		Debug|Any CPU = Debug|Any CPU
		Debug|ARM = Debug|ARM
		Debug|x64 = Debug|x64
		Debug|x86 = Debug|x86
		Release|Any CPU = Release|Any CPU
		Release|ARM = Release|ARM
		Release|x64 = Release|x64
		Release|x86 = Release|x86
	EndGlobalSection
	GlobalSection(ProjectConfigurationPlatforms) = postSolution
		{0A1F73FD-EA56-478D-9D3E-6DE1CD94C009}.Debug|Any CPU.ActiveCfg = Debug|Any CPU
		{0A1F73FD-EA56-478D-9D3E-6DE1CD94C009}.Debug|Any CPU.Build.0 = Debug|Any CPU
		{0A1F73FD-EA56-478D-9D3E-6DE1CD94C009}.Debug|ARM.ActiveCfg = Debug|Any CPU
		{0A1F73FD-EA56-478D-9D3E-6DE1CD94C009}.Debug|ARM.Build.0 = Debug|Any CPU
		{0A1F73FD-EA56-478D-9D3E-6DE1CD94C009}.Debug|x64.ActiveCfg = Debug|Any CPU
		{0A1F73FD-EA56-478D-9D3E-6DE1CD94C009}.Debug|x64.Build.0 = Debug|Any CPU
		{0A1F73FD-EA56-478D-9D3E-6DE1CD94C009}.Debug|x86.ActiveCfg = Debug|Any CPU
		{0A1F73FD-EA56-478D-9D3E-6DE1CD94C009}.Debug|x86.Build.0 = Debug|Any CPU
		{0A1F73FD-EA56-478D-9D3E-6DE1CD94C009}.Release|Any CPU.ActiveCfg = Release|Any CPU
		{0A1F73FD-EA56-478D-9D3E-6DE1CD94C009}.Release|Any CPU.Build.0 = Release|Any CPU
		{0A1F73FD-EA56-478D-9D3E-6DE1CD94C009}.Release|ARM.ActiveCfg = Release|Any CPU
		{0A1F73FD-EA56-478D-9D3E-6DE1CD94C009}.Release|ARM.Build.0 = Release|Any CPU
		{0A1F73FD-EA56-478D-9D3E-6DE1CD94C009}.Release|x64.ActiveCfg = Release|Any CPU
		{0A1F73FD-EA56-478D-9D3E-6DE1CD94C009}.Release|x64.Build.0 = Release|Any CPU
		{0A1F73FD-EA56-478D-9D3E-6DE1CD94C009}.Release|x86.ActiveCfg = Release|Any CPU
		{0A1F73FD-EA56-478D-9D3E-6DE1CD94C009}.Release|x86.Build.0 = Release|Any CPU
		{50BCE987-457E-4FDA-AFDD-2ED0B2FA09C1}.Debug|Any CPU.ActiveCfg = Debug|Any CPU
		{50BCE987-457E-4FDA-AFDD-2ED0B2FA09C1}.Debug|Any CPU.Build.0 = Debug|Any CPU
		{50BCE987-457E-4FDA-AFDD-2ED0B2FA09C1}.Debug|ARM.ActiveCfg = Debug|Any CPU
		{50BCE987-457E-4FDA-AFDD-2ED0B2FA09C1}.Debug|ARM.Build.0 = Debug|Any CPU
		{50BCE987-457E-4FDA-AFDD-2ED0B2FA09C1}.Debug|x64.ActiveCfg = Debug|Any CPU
		{50BCE987-457E-4FDA-AFDD-2ED0B2FA09C1}.Debug|x64.Build.0 = Debug|Any CPU
		{50BCE987-457E-4FDA-AFDD-2ED0B2FA09C1}.Debug|x86.ActiveCfg = Debug|Any CPU
		{50BCE987-457E-4FDA-AFDD-2ED0B2FA09C1}.Debug|x86.Build.0 = Debug|Any CPU
		{50BCE987-457E-4FDA-AFDD-2ED0B2FA09C1}.Release|Any CPU.ActiveCfg = Release|Any CPU
		{50BCE987-457E-4FDA-AFDD-2ED0B2FA09C1}.Release|Any CPU.Build.0 = Release|Any CPU
		{50BCE987-457E-4FDA-AFDD-2ED0B2FA09C1}.Release|ARM.ActiveCfg = Release|Any CPU
		{50BCE987-457E-4FDA-AFDD-2ED0B2FA09C1}.Release|ARM.Build.0 = Release|Any CPU
		{50BCE987-457E-4FDA-AFDD-2ED0B2FA09C1}.Release|x64.ActiveCfg = Release|Any CPU
		{50BCE987-457E-4FDA-AFDD-2ED0B2FA09C1}.Release|x64.Build.0 = Release|Any CPU
		{50BCE987-457E-4FDA-AFDD-2ED0B2FA09C1}.Release|x86.ActiveCfg = Release|Any CPU
		{50BCE987-457E-4FDA-AFDD-2ED0B2FA09C1}.Release|x86.Build.0 = Release|Any CPU
	EndGlobalSection
	GlobalSection(SolutionProperties) = preSolution
		HideSolutionNode = FALSE
	EndGlobalSection
	GlobalSection(ExtensibilityGlobals) = postSolution
		SolutionGuid = {1337C263-3BA8-4694-8366-A692DEE146A3}
	EndGlobalSection
EndGlobal
